{
  "nodes": {
    "crane": {
      "locked": {
        "lastModified": 1755993354,
        "narHash": "sha256-FCRRAzSaL/+umLIm3RU3O/+fJ2ssaPHseI2SSFL8yZU=",
        "owner": "ipetkov",
        "repo": "crane",
        "rev": "25bd41b24426c7734278c2ff02e53258851db914",
        "type": "github"
      },
      "original": {
        "owner": "ipetkov",
        "repo": "crane",
        "type": "github"
      }
    },
    "doom-config": {
      "flake": false,
      "locked": {
        "lastModified": 1763459998,
        "narHash": "sha256-AAlTWr7htIBn6nFPPl/SZUlfPcR5kSbVjPdWnUtKP0c=",
        "owner": "jatimix",
        "repo": "doom-conf",
        "rev": "653fda4d1caeaa03e0909e7ce0b2a7c89b19c571",
        "type": "github"
      },
      "original": {
        "owner": "jatimix",
        "repo": "doom-conf",
        "type": "github"
      }
    },
    "doomemacs": {
      "flake": false,
      "locked": {
        "lastModified": 1762312706,
        "narHash": "sha256-R3I8NErGSCd6kSTUBNe7SNcRDUtJ1xl8zvD13C6SrRg=",
        "owner": "doomemacs",
        "repo": "doomemacs",
        "rev": "ead254e15269bf8564625df4c8d2af6690a0df49",
        "type": "github"
      },
      "original": {
        "owner": "doomemacs",
        "repo": "doomemacs",
        "type": "github"
      }
    },
    "emacs-igc-src": {
      "flake": false,
      "locked": {
        "lastModified": 1762966120,
        "narHash": "sha256-IXLiixhVK+EZRv1B3EZXA4lHbKIkgBoqdJdjY9up0ew=",
        "owner": "emacs-mirror",
        "repo": "emacs",
        "rev": "7f925475a210dbf85dc52fe3315cc92a0a1ae615",
        "type": "github"
      },
      "original": {
        "owner": "emacs-mirror",
        "ref": "feature/igc",
        "repo": "emacs",
        "type": "github"
      }
    },
    "emacs-overlay": {
      "inputs": {
        "nixpkgs": "nixpkgs",
        "nixpkgs-stable": "nixpkgs-stable"
      },
      "locked": {
        "lastModified": 1763284540,
        "narHash": "sha256-wqaKK/nTwT1+TiBY6GB4NUlKGE61elm6xHRidlww2Zc=",
        "owner": "nix-community",
        "repo": "emacs-overlay",
        "rev": "d270ad932210a338c2f4aaa21b7224bb09af63f6",
        "type": "github"
      },
      "original": {
        "owner": "nix-community",
        "repo": "emacs-overlay",
        "type": "github"
      }
    },
    "emacs-overlay_2": {
      "inputs": {
        "nixpkgs": [
          "nix-doom-emacs-unstraightened"
        ],
        "nixpkgs-stable": [
          "nix-doom-emacs-unstraightened"
        ]
      },
      "locked": {
        "lastModified": 1763281507,
        "narHash": "sha256-cSwgQxlLUTkw2Sdtgh/extCGIAELJCZN+Vb+9G02MIM=",
        "owner": "nix-community",
        "repo": "emacs-overlay",
        "rev": "70fa92384ef398a4b4b5002c6caac08b1e01dd87",
        "type": "github"
      },
      "original": {
        "owner": "nix-community",
        "repo": "emacs-overlay",
        "type": "github"
      }
    },
    "flake-compat": {
      "flake": false,
      "locked": {
        "lastModified": 1761588595,
        "narHash": "sha256-XKUZz9zewJNUj46b4AJdiRZJAvSZ0Dqj2BNfXvFlJC4=",
        "owner": "edolstra",
        "repo": "flake-compat",
        "rev": "f387cd2afec9419c8ee37694406ca490c3f34ee5",
        "type": "github"
      },
      "original": {
        "owner": "edolstra",
        "repo": "flake-compat",
        "type": "github"
      }
    },
    "home-manager": {
      "inputs": {
        "nixpkgs": [
          "nixpkgs"
        ]
      },
      "locked": {
        "lastModified": 1763228015,
        "narHash": "sha256-1rYieMVUyZ3kK/cBIr8mOusxrOEJ1/+2MsOg0oJ7b3A=",
        "owner": "nix-community",
        "repo": "home-manager",
        "rev": "96156a9e86281c4bfc451236bc2ddfe4317e6f39",
        "type": "github"
      },
      "original": {
        "owner": "nix-community",
        "repo": "home-manager",
        "type": "github"
      }
    },
    "nix-doom-emacs-unstraightened": {
      "inputs": {
        "doomemacs": "doomemacs",
        "emacs-overlay": "emacs-overlay_2",
        "nixpkgs": "nixpkgs_2",
        "systems": "systems"
      },
      "locked": {
        "lastModified": 1763282415,
        "narHash": "sha256-Blb9l3DjFXjhYOqR7RoA/TQUS7BnBN4VufpRvG4XSlo=",
        "owner": "marienz",
        "repo": "nix-doom-emacs-unstraightened",
        "rev": "b04d4b93dc60bc586224b28564b116f0692ce05c",
        "type": "github"
      },
      "original": {
        "owner": "marienz",
        "repo": "nix-doom-emacs-unstraightened",
        "type": "github"
      }
    },
    "nixos-wsl": {
      "inputs": {
        "flake-compat": "flake-compat",
        "nixpkgs": "nixpkgs_3"
      },
      "locked": {
        "lastModified": 1762908663,
        "narHash": "sha256-HqdYfzBaidYX+EYAcXDFCggXJPZBv2fusMwhc7/4+cI=",
        "owner": "nix-community",
        "repo": "NixOS-WSL",
        "rev": "debc562c48c445f9f08778ecb9fc6b35197623ad",
        "type": "github"
      },
      "original": {
        "owner": "nix-community",
        "repo": "NixOS-WSL",
        "type": "github"
      }
    },
    "nixpkgs": {
      "locked": {
        "lastModified": 1762977756,
        "narHash": "sha256-4PqRErxfe+2toFJFgcRKZ0UI9NSIOJa+7RXVtBhy4KE=",
        "owner": "NixOS",
        "repo": "nixpkgs",
        "rev": "c5ae371f1a6a7fd27823bc500d9390b38c05fa55",
        "type": "github"
      },
      "original": {
        "owner": "NixOS",
        "ref": "nixos-unstable",
        "repo": "nixpkgs",
        "type": "github"
      }
    },
    "nixpkgs-stable": {
      "locked": {
        "lastModified": 1763049705,
        "narHash": "sha256-A5LS0AJZ1yDPTa2fHxufZN++n8MCmtgrJDtxFxrH4S8=",
        "owner": "NixOS",
        "repo": "nixpkgs",
        "rev": "3acb677ea67d4c6218f33de0db0955f116b7588c",
        "type": "github"
      },
      "original": {
        "owner": "NixOS",
        "ref": "nixos-25.05",
        "repo": "nixpkgs",
        "type": "github"
      }
    },
    "nixpkgs_2": {
      "locked": {
        "lastModified": 1763191728,
        "narHash": "sha256-esRhOS0APE6k40Hs/jjReXg+rx+J5LkWw7cuWFKlwYA=",
        "owner": "NixOS",
        "repo": "nixpkgs",
        "rev": "1d4c88323ac36805d09657d13a5273aea1b34f0c",
        "type": "github"
      },
      "original": {
        "id": "nixpkgs",
        "type": "indirect"
      }
    },
    "nixpkgs_3": {
      "locked": {
        "lastModified": 1762596750,
        "narHash": "sha256-rXXuz51Bq7DHBlfIjN7jO8Bu3du5TV+3DSADBX7/9YQ=",
        "owner": "NixOS",
        "repo": "nixpkgs",
        "rev": "b6a8526db03f735b89dd5ff348f53f752e7ddc8e",
        "type": "github"
      },
      "original": {
        "owner": "NixOS",
        "ref": "nixos-unstable",
        "repo": "nixpkgs",
        "type": "github"
      }
    },
    "nixpkgs_4": {
      "locked": {
        "lastModified": 1762977756,
        "narHash": "sha256-4PqRErxfe+2toFJFgcRKZ0UI9NSIOJa+7RXVtBhy4KE=",
        "owner": "nixos",
        "repo": "nixpkgs",
        "rev": "c5ae371f1a6a7fd27823bc500d9390b38c05fa55",
        "type": "github"
      },
      "original": {
        "owner": "nixos",
        "ref": "nixos-unstable",
        "repo": "nixpkgs",
        "type": "github"
      }
    },
    "nixpkgs_5": {
      "locked": {
        "lastModified": 1756182766,
        "narHash": "sha256-Kk8sdRChYP/YFtI4utFYTPPFlfgnnZrahBcnuplSRbY=",
        "rev": "3b9f00d7a7bf68acd4c4abb9d43695afb04e03a5",
        "type": "tarball",
        "url": "https://releases.nixos.org/nixos/unstable/nixos-25.11pre851350.3b9f00d7a7bf/nixexprs.tar.xz"
      },
      "original": {
        "type": "tarball",
        "url": "https://nixos.org/channels/nixos-unstable/nixexprs.tar.xz"
      }
    },
    "root": {
      "inputs": {
        "doom-config": "doom-config",
        "emacs-igc-src": "emacs-igc-src",
        "emacs-overlay": "emacs-overlay",
        "home-manager": "home-manager",
        "nix-doom-emacs-unstraightened": "nix-doom-emacs-unstraightened",
        "nixos-wsl": "nixos-wsl",
        "nixpkgs": "nixpkgs_4",
        "sops-nix": "sops-nix",
        "wild-linker": "wild-linker"
      }
    },
    "sops-nix": {
      "inputs": {
        "nixpkgs": [
          "nixpkgs"
        ]
      },
      "locked": {
        "lastModified": 1763264763,
        "narHash": "sha256-N0BEoJIlJ+M6sWZJ8nnfAjGY9VLvM6MXMitRenmhBkY=",
        "owner": "Mic92",
        "repo": "sops-nix",
        "rev": "882e56c8293e44d57d882b800a82f8b2ee7a858f",
        "type": "github"
      },
      "original": {
        "owner": "Mic92",
        "repo": "sops-nix",
        "type": "github"
      }
    },
    "systems": {
      "locked": {
        "lastModified": 1681028828,
        "narHash": "sha256-Vy1rq5AaRuLzOxct8nz4T6wlgyUR7zLU309k9mBC768=",
        "owner": "nix-systems",
        "repo": "default",
        "rev": "da67096a3b9bf56a91d16901293e51ba5b49a27e",
        "type": "github"
      },
      "original": {
        "owner": "nix-systems",
        "repo": "default",
        "type": "github"
      }
    },
    "wild-linker": {
      "inputs": {
        "crane": "crane",
        "nixpkgs": "nixpkgs_5"
      },
      "locked": {
        "lastModified": 1763257794,
        "narHash": "sha256-TYcA+2LejB2YADcSULakqqfYY1yaNIkG9Rc1cv2TERU=",
        "owner": "davidlattimore",
        "repo": "wild",
        "rev": "cebadf131133fc23a65708c7c0a5facd8b285a3a",
        "type": "github"
      },
      "original": {
        "owner": "davidlattimore",
        "repo": "wild",
        "type": "github"
      }
    }
  },
  "root": "root",
  "version": 7
}
