{
  "nodes": {
    "doom-config": {
      "flake": false,
      "locked": {
        "lastModified": 1763189636,
        "narHash": "sha256-wXlnvAVKxt15oKU4S3J9aVj5UyZqv810HDHNIgfYwBA=",
        "owner": "jatimix",
        "repo": "doom-conf",
        "rev": "d2e58e32947b8bab2d44a76493c4b2c1682ff2d8",
        "type": "github"
      },
      "original": {
        "owner": "jatimix",
        "repo": "doom-conf",
        "type": "github"
      }
    },
    "doomemacs": {
      "flake": false,
      "locked": {
        "lastModified": 1762312706,
        "narHash": "sha256-R3I8NErGSCd6kSTUBNe7SNcRDUtJ1xl8zvD13C6SrRg=",
        "owner": "doomemacs",
        "repo": "doomemacs",
        "rev": "ead254e15269bf8564625df4c8d2af6690a0df49",
        "type": "github"
      },
      "original": {
        "owner": "doomemacs",
        "repo": "doomemacs",
        "type": "github"
      }
    },
    "emacs-overlay": {
      "inputs": {
        "nixpkgs": "nixpkgs",
        "nixpkgs-stable": "nixpkgs-stable"
      },
      "locked": {
        "lastModified": 1763169881,
        "narHash": "sha256-G3C/aUhABCnXjhc1N5JVK1QkiXGRt3OHopDbdzkSVLo=",
        "owner": "nix-community",
        "repo": "emacs-overlay",
        "rev": "afa992b616a9924205a7b84bd66c897dad8771ff",
        "type": "github"
      },
      "original": {
        "owner": "nix-community",
        "repo": "emacs-overlay",
        "type": "github"
      }
    },
    "emacs-overlay_2": {
      "inputs": {
        "nixpkgs": [
          "nix-doom-emacs-unstraightened"
        ],
        "nixpkgs-stable": [
          "nix-doom-emacs-unstraightened"
        ]
      },
      "locked": {
        "lastModified": 1763108894,
        "narHash": "sha256-Yw2I97gOw1CW/Qo+fan7K7jYrKWbT/rF9fsq4oL6btQ=",
        "owner": "nix-community",
        "repo": "emacs-overlay",
        "rev": "6bc7ae6a5507d0ac206c4a1d7ed83d7ad35ea27b",
        "type": "github"
      },
      "original": {
        "owner": "nix-community",
        "repo": "emacs-overlay",
        "type": "github"
      }
    },
    "flake-compat": {
      "flake": false,
      "locked": {
        "lastModified": 1761588595,
        "narHash": "sha256-XKUZz9zewJNUj46b4AJdiRZJAvSZ0Dqj2BNfXvFlJC4=",
        "owner": "edolstra",
        "repo": "flake-compat",
        "rev": "f387cd2afec9419c8ee37694406ca490c3f34ee5",
        "type": "github"
      },
      "original": {
        "owner": "edolstra",
        "repo": "flake-compat",
        "type": "github"
      }
    },
    "home-manager": {
      "inputs": {
        "nixpkgs": [
          "nixpkgs"
        ]
      },
      "locked": {
        "lastModified": 1762964643,
        "narHash": "sha256-RYHN8O/Aja59XDji6WSJZPkJpYVUfpSkyH+PEupBJqM=",
        "owner": "nix-community",
        "repo": "home-manager",
        "rev": "827f2a23373a774a8805f84ca5344654c31f354b",
        "type": "github"
      },
      "original": {
        "owner": "nix-community",
        "repo": "home-manager",
        "type": "github"
      }
    },
    "nix-doom-emacs-unstraightened": {
      "inputs": {
        "doomemacs": "doomemacs",
        "emacs-overlay": "emacs-overlay_2",
        "nixpkgs": "nixpkgs_2",
        "systems": "systems"
      },
      "locked": {
        "lastModified": 1763109783,
        "narHash": "sha256-Ri4AYH+uVTQbnox0LW0exhwu62YfydY7fTSIvK/QDuE=",
        "owner": "marienz",
        "repo": "nix-doom-emacs-unstraightened",
        "rev": "b3025b6c19d02dd3e4973abad26e3ea48a5d0ced",
        "type": "github"
      },
      "original": {
        "owner": "marienz",
        "repo": "nix-doom-emacs-unstraightened",
        "type": "github"
      }
    },
    "nixos-wsl": {
      "inputs": {
        "flake-compat": "flake-compat",
        "nixpkgs": "nixpkgs_3"
      },
      "locked": {
        "lastModified": 1762908663,
        "narHash": "sha256-HqdYfzBaidYX+EYAcXDFCggXJPZBv2fusMwhc7/4+cI=",
        "owner": "nix-community",
        "repo": "NixOS-WSL",
        "rev": "debc562c48c445f9f08778ecb9fc6b35197623ad",
        "type": "github"
      },
      "original": {
        "owner": "nix-community",
        "repo": "NixOS-WSL",
        "type": "github"
      }
    },
    "nixpkgs": {
      "locked": {
        "lastModified": 1762977756,
        "narHash": "sha256-4PqRErxfe+2toFJFgcRKZ0UI9NSIOJa+7RXVtBhy4KE=",
        "owner": "NixOS",
        "repo": "nixpkgs",
        "rev": "c5ae371f1a6a7fd27823bc500d9390b38c05fa55",
        "type": "github"
      },
      "original": {
        "owner": "NixOS",
        "ref": "nixos-unstable",
        "repo": "nixpkgs",
        "type": "github"
      }
    },
    "nixpkgs-stable": {
      "locked": {
        "lastModified": 1763049705,
        "narHash": "sha256-A5LS0AJZ1yDPTa2fHxufZN++n8MCmtgrJDtxFxrH4S8=",
        "owner": "NixOS",
        "repo": "nixpkgs",
        "rev": "3acb677ea67d4c6218f33de0db0955f116b7588c",
        "type": "github"
      },
      "original": {
        "owner": "NixOS",
        "ref": "nixos-25.05",
        "repo": "nixpkgs",
        "type": "github"
      }
    },
    "nixpkgs_2": {
      "locked": {
        "lastModified": 1762943920,
        "narHash": "sha256-ITeH8GBpQTw9457ICZBddQEBjlXMmilML067q0e6vqY=",
        "owner": "NixOS",
        "repo": "nixpkgs",
        "rev": "91c9a64ce2a84e648d0cf9671274bb9c2fb9ba60",
        "type": "github"
      },
      "original": {
        "id": "nixpkgs",
        "type": "indirect"
      }
    },
    "nixpkgs_3": {
      "locked": {
        "lastModified": 1762596750,
        "narHash": "sha256-rXXuz51Bq7DHBlfIjN7jO8Bu3du5TV+3DSADBX7/9YQ=",
        "owner": "NixOS",
        "repo": "nixpkgs",
        "rev": "b6a8526db03f735b89dd5ff348f53f752e7ddc8e",
        "type": "github"
      },
      "original": {
        "owner": "NixOS",
        "ref": "nixos-unstable",
        "repo": "nixpkgs",
        "type": "github"
      }
    },
    "nixpkgs_4": {
      "locked": {
        "lastModified": 1762977756,
        "narHash": "sha256-4PqRErxfe+2toFJFgcRKZ0UI9NSIOJa+7RXVtBhy4KE=",
        "owner": "nixos",
        "repo": "nixpkgs",
        "rev": "c5ae371f1a6a7fd27823bc500d9390b38c05fa55",
        "type": "github"
      },
      "original": {
        "owner": "nixos",
        "ref": "nixos-unstable",
        "repo": "nixpkgs",
        "type": "github"
      }
    },
    "root": {
      "inputs": {
        "doom-config": "doom-config",
        "emacs-overlay": "emacs-overlay",
        "home-manager": "home-manager",
        "nix-doom-emacs-unstraightened": "nix-doom-emacs-unstraightened",
        "nixos-wsl": "nixos-wsl",
        "nixpkgs": "nixpkgs_4"
      }
    },
    "systems": {
      "locked": {
        "lastModified": 1681028828,
        "narHash": "sha256-Vy1rq5AaRuLzOxct8nz4T6wlgyUR7zLU309k9mBC768=",
        "owner": "nix-systems",
        "repo": "default",
        "rev": "da67096a3b9bf56a91d16901293e51ba5b49a27e",
        "type": "github"
      },
      "original": {
        "owner": "nix-systems",
        "repo": "default",
        "type": "github"
      }
    }
  },
  "root": "root",
  "version": 7
}
